
Microsoft Visual Studio Solution File, Format Version 12.00
# Visual Studio Version 17
VisualStudioVersion = 17.14.36705.20 d17.14
MinimumVisualStudioVersion = 10.0.40219.1
Project("{FAE04EC0-301F-11D3-BF4B-00C04F79EFBC}") = "Domain", "Domain\Domain.csproj", "{ACA043B6-800D-4CD8-983D-F628D957A9E0}"
EndProject
Project("{FAE04EC0-301F-11D3-BF4B-00C04F79EFBC}") = "Application", "Application\Application.csproj", "{6EDFDDC2-B55F-452B-A822-CB6C46BB7063}"
EndProject
Project("{FAE04EC0-301F-11D3-BF4B-00C04F79EFBC}") = "Infrastructure", "Infrastructure\Infrastructure.csproj", "{57FF5F45-7DD3-469D-910D-B2FAF8EED361}"
EndProject
Project("{FAE04EC0-301F-11D3-BF4B-00C04F79EFBC}") = "WebApi", "WebApi\WebApi.csproj", "{468FAC47-3CFC-4BB7-B7EC-FF6DD10931CE}"
EndProject
Global
	GlobalSection(SolutionConfigurationPlatforms) = preSolution
		Debug|Any CPU = Debug|Any CPU
		Release|Any CPU = Release|Any CPU
	EndGlobalSection
	GlobalSection(ProjectConfigurationPlatforms) = postSolution
		{ACA043B6-800D-4CD8-983D-F628D957A9E0}.Debug|Any CPU.ActiveCfg = Debug|Any CPU
		{ACA043B6-800D-4CD8-983D-F628D957A9E0}.Debug|Any CPU.Build.0 = Debug|Any CPU
		{ACA043B6-800D-4CD8-983D-F628D957A9E0}.Release|Any CPU.ActiveCfg = Release|Any CPU
		{ACA043B6-800D-4CD8-983D-F628D957A9E0}.Release|Any CPU.Build.0 = Release|Any CPU
		{6EDFDDC2-B55F-452B-A822-CB6C46BB7063}.Debug|Any CPU.ActiveCfg = Debug|Any CPU
		{6EDFDDC2-B55F-452B-A822-CB6C46BB7063}.Debug|Any CPU.Build.0 = Debug|Any CPU
		{6EDFDDC2-B55F-452B-A822-CB6C46BB7063}.Release|Any CPU.ActiveCfg = Release|Any CPU
		{6EDFDDC2-B55F-452B-A822-CB6C46BB7063}.Release|Any CPU.Build.0 = Release|Any CPU
		{57FF5F45-7DD3-469D-910D-B2FAF8EED361}.Debug|Any CPU.ActiveCfg = Debug|Any CPU
		{57FF5F45-7DD3-469D-910D-B2FAF8EED361}.Debug|Any CPU.Build.0 = Debug|Any CPU
		{57FF5F45-7DD3-469D-910D-B2FAF8EED361}.Release|Any CPU.ActiveCfg = Release|Any CPU
		{57FF5F45-7DD3-469D-910D-B2FAF8EED361}.Release|Any CPU.Build.0 = Release|Any CPU
		{468FAC47-3CFC-4BB7-B7EC-FF6DD10931CE}.Debug|Any CPU.ActiveCfg = Debug|Any CPU
		{468FAC47-3CFC-4BB7-B7EC-FF6DD10931CE}.Debug|Any CPU.Build.0 = Debug|Any CPU
		{468FAC47-3CFC-4BB7-B7EC-FF6DD10931CE}.Release|Any CPU.ActiveCfg = Release|Any CPU
		{468FAC47-3CFC-4BB7-B7EC-FF6DD10931CE}.Release|Any CPU.Build.0 = Release|Any CPU
	EndGlobalSection
	GlobalSection(SolutionProperties) = preSolution
		HideSolutionNode = FALSE
	EndGlobalSection
	GlobalSection(ExtensibilityGlobals) = postSolution
		SolutionGuid = {D7A91AC6-7061-4460-99CF-A4691F4753E9}
	EndGlobalSection
EndGlobal
